
Microsoft Visual Studio Solution File, Format Version 12.00
# Visual Studio 15
VisualStudioVersion = 15.0.28307.539
MinimumVisualStudioVersion = 10.0.40219.1
Project("{FAE04EC0-301F-11D3-BF4B-00C04F79EFBC}") = "PDDP_FORUM1", "PDDP_FORUM1\PDDP_FORUM1.csproj", "{C2C74369-3BE9-4B0D-9BA2-F088A7C99769}"
EndProject
Global
	GlobalSection(SolutionConfigurationPlatforms) = preSolution
		Debug|Any CPU = Debug|Any CPU
		Release|Any CPU = Release|Any CPU
	EndGlobalSection
	GlobalSection(ProjectConfigurationPlatforms) = postSolution
		{C2C74369-3BE9-4B0D-9BA2-F088A7C99769}.Debug|Any CPU.ActiveCfg = Debug|Any CPU
		{C2C74369-3BE9-4B0D-9BA2-F088A7C99769}.Debug|Any CPU.Build.0 = Debug|Any CPU
		{C2C74369-3BE9-4B0D-9BA2-F088A7C99769}.Release|Any CPU.ActiveCfg = Release|Any CPU
		{C2C74369-3BE9-4B0D-9BA2-F088A7C99769}.Release|Any CPU.Build.0 = Release|Any CPU
	EndGlobalSection
	GlobalSection(SolutionProperties) = preSolution
		HideSolutionNode = FALSE
	EndGlobalSection
	GlobalSection(ExtensibilityGlobals) = postSolution
		SolutionGuid = {521170B6-49AD-4388-BF17-BEB53E4B0FDD}
	EndGlobalSection
EndGlobal
