
Microsoft Visual Studio Solution File, Format Version 12.00
# Visual Studio 15
VisualStudioVersion = 15.0.28307.539
MinimumVisualStudioVersion = 10.0.40219.1
Project("{FAE04EC0-301F-11D3-BF4B-00C04F79EFBC}") = "PROCEDURE01", "PROCEDURE01\PROCEDURE01.csproj", "{AC227B67-26B0-4CB7-92E4-2AA4CA90DB5B}"
EndProject
Global
	GlobalSection(SolutionConfigurationPlatforms) = preSolution
		Debug|Any CPU = Debug|Any CPU
		Release|Any CPU = Release|Any CPU
	EndGlobalSection
	GlobalSection(ProjectConfigurationPlatforms) = postSolution
		{AC227B67-26B0-4CB7-92E4-2AA4CA90DB5B}.Debug|Any CPU.ActiveCfg = Debug|Any CPU
		{AC227B67-26B0-4CB7-92E4-2AA4CA90DB5B}.Debug|Any CPU.Build.0 = Debug|Any CPU
		{AC227B67-26B0-4CB7-92E4-2AA4CA90DB5B}.Release|Any CPU.ActiveCfg = Release|Any CPU
		{AC227B67-26B0-4CB7-92E4-2AA4CA90DB5B}.Release|Any CPU.Build.0 = Release|Any CPU
	EndGlobalSection
	GlobalSection(SolutionProperties) = preSolution
		HideSolutionNode = FALSE
	EndGlobalSection
	GlobalSection(ExtensibilityGlobals) = postSolution
		SolutionGuid = {EA4B41C2-F46D-47E6-8DB5-631E781C6561}
	EndGlobalSection
EndGlobal
