
Microsoft Visual Studio Solution File, Format Version 12.00
# Visual Studio 15
VisualStudioVersion = 15.0.28307.539
MinimumVisualStudioVersion = 10.0.40219.1
Project("{FAE04EC0-301F-11D3-BF4B-00C04F79EFBC}") = "PROCEDURE03", "PROCEDURE03\PROCEDURE03.csproj", "{5409262B-41C2-4C9B-8E43-186C6C402862}"
EndProject
Global
	GlobalSection(SolutionConfigurationPlatforms) = preSolution
		Debug|Any CPU = Debug|Any CPU
		Release|Any CPU = Release|Any CPU
	EndGlobalSection
	GlobalSection(ProjectConfigurationPlatforms) = postSolution
		{5409262B-41C2-4C9B-8E43-186C6C402862}.Debug|Any CPU.ActiveCfg = Debug|Any CPU
		{5409262B-41C2-4C9B-8E43-186C6C402862}.Debug|Any CPU.Build.0 = Debug|Any CPU
		{5409262B-41C2-4C9B-8E43-186C6C402862}.Release|Any CPU.ActiveCfg = Release|Any CPU
		{5409262B-41C2-4C9B-8E43-186C6C402862}.Release|Any CPU.Build.0 = Release|Any CPU
	EndGlobalSection
	GlobalSection(SolutionProperties) = preSolution
		HideSolutionNode = FALSE
	EndGlobalSection
	GlobalSection(ExtensibilityGlobals) = postSolution
		SolutionGuid = {BB6CB620-4B3A-4E4E-B46A-62C50DD12C6F}
	EndGlobalSection
EndGlobal
