
Microsoft Visual Studio Solution File, Format Version 12.00
# Visual Studio 15
VisualStudioVersion = 15.0.28307.539
MinimumVisualStudioVersion = 10.0.40219.1
Project("{FAE04EC0-301F-11D3-BF4B-00C04F79EFBC}") = "ConsoleApp4", "ConsoleApp4\ConsoleApp4.csproj", "{B05D3C6B-3314-47C1-BB50-0398473E9E74}"
EndProject
Global
	GlobalSection(SolutionConfigurationPlatforms) = preSolution
		Debug|Any CPU = Debug|Any CPU
		Release|Any CPU = Release|Any CPU
	EndGlobalSection
	GlobalSection(ProjectConfigurationPlatforms) = postSolution
		{B05D3C6B-3314-47C1-BB50-0398473E9E74}.Debug|Any CPU.ActiveCfg = Debug|Any CPU
		{B05D3C6B-3314-47C1-BB50-0398473E9E74}.Debug|Any CPU.Build.0 = Debug|Any CPU
		{B05D3C6B-3314-47C1-BB50-0398473E9E74}.Release|Any CPU.ActiveCfg = Release|Any CPU
		{B05D3C6B-3314-47C1-BB50-0398473E9E74}.Release|Any CPU.Build.0 = Release|Any CPU
	EndGlobalSection
	GlobalSection(SolutionProperties) = preSolution
		HideSolutionNode = FALSE
	EndGlobalSection
	GlobalSection(ExtensibilityGlobals) = postSolution
		SolutionGuid = {78A02459-007E-4E71-A670-A7DCE7C4C663}
	EndGlobalSection
EndGlobal
